
Microsoft Visual Studio Solution File, Format Version 12.00
# Visual Studio 15
VisualStudioVersion = 15.0.28010.2036
MinimumVisualStudioVersion = 10.0.40219.1
Project("{FAE04EC0-301F-11D3-BF4B-00C04F79EFBC}") = "Ejercicio 31", "Ejercicio 31\Ejercicio 31.csproj", "{BD127F44-2284-4868-B83E-93F9342164B6}"
EndProject
Global
	GlobalSection(SolutionConfigurationPlatforms) = preSolution
		Debug|Any CPU = Debug|Any CPU
		Release|Any CPU = Release|Any CPU
	EndGlobalSection
	GlobalSection(ProjectConfigurationPlatforms) = postSolution
		{BD127F44-2284-4868-B83E-93F9342164B6}.Debug|Any CPU.ActiveCfg = Debug|Any CPU
		{BD127F44-2284-4868-B83E-93F9342164B6}.Debug|Any CPU.Build.0 = Debug|Any CPU
		{BD127F44-2284-4868-B83E-93F9342164B6}.Release|Any CPU.ActiveCfg = Release|Any CPU
		{BD127F44-2284-4868-B83E-93F9342164B6}.Release|Any CPU.Build.0 = Release|Any CPU
	EndGlobalSection
	GlobalSection(SolutionProperties) = preSolution
		HideSolutionNode = FALSE
	EndGlobalSection
	GlobalSection(ExtensibilityGlobals) = postSolution
		SolutionGuid = {F3781D18-2BAE-456D-80F7-3855B932850E}
	EndGlobalSection
EndGlobal
