
Microsoft Visual Studio Solution File, Format Version 12.00
# Visual Studio 15
VisualStudioVersion = 15.0.28010.2036
MinimumVisualStudioVersion = 10.0.40219.1
Project("{FAE04EC0-301F-11D3-BF4B-00C04F79EFBC}") = "SobreEscrito", "SobreEscrito\SobreEscrito.csproj", "{12180E91-573B-47AB-87F4-FDB01B1F2AA7}"
EndProject
Global
	GlobalSection(SolutionConfigurationPlatforms) = preSolution
		Debug|Any CPU = Debug|Any CPU
		Release|Any CPU = Release|Any CPU
	EndGlobalSection
	GlobalSection(ProjectConfigurationPlatforms) = postSolution
		{12180E91-573B-47AB-87F4-FDB01B1F2AA7}.Debug|Any CPU.ActiveCfg = Debug|Any CPU
		{12180E91-573B-47AB-87F4-FDB01B1F2AA7}.Debug|Any CPU.Build.0 = Debug|Any CPU
		{12180E91-573B-47AB-87F4-FDB01B1F2AA7}.Release|Any CPU.ActiveCfg = Release|Any CPU
		{12180E91-573B-47AB-87F4-FDB01B1F2AA7}.Release|Any CPU.Build.0 = Release|Any CPU
	EndGlobalSection
	GlobalSection(SolutionProperties) = preSolution
		HideSolutionNode = FALSE
	EndGlobalSection
	GlobalSection(ExtensibilityGlobals) = postSolution
		SolutionGuid = {7E1F6578-EA36-4DD8-A534-5E0DFFE762B3}
	EndGlobalSection
EndGlobal
