
Microsoft Visual Studio Solution File, Format Version 12.00
# Visual Studio 15
VisualStudioVersion = 15.0.27703.2047
MinimumVisualStudioVersion = 10.0.40219.1
Project("{FAE04EC0-301F-11D3-BF4B-00C04F79EFBC}") = "Entidades", "Entidades\Entidades.csproj", "{440BBBF2-0342-4388-883D-A1CB93C059F7}"
EndProject
Project("{FAE04EC0-301F-11D3-BF4B-00C04F79EFBC}") = "TestEjercicio", "TestEjercicio\TestEjercicio.csproj", "{6C531F46-8D8F-42B6-99AD-6B2CFEA03913}"
EndProject
Global
	GlobalSection(SolutionConfigurationPlatforms) = preSolution
		Debug|Any CPU = Debug|Any CPU
		Release|Any CPU = Release|Any CPU
	EndGlobalSection
	GlobalSection(ProjectConfigurationPlatforms) = postSolution
		{440BBBF2-0342-4388-883D-A1CB93C059F7}.Debug|Any CPU.ActiveCfg = Debug|Any CPU
		{440BBBF2-0342-4388-883D-A1CB93C059F7}.Debug|Any CPU.Build.0 = Debug|Any CPU
		{440BBBF2-0342-4388-883D-A1CB93C059F7}.Release|Any CPU.ActiveCfg = Release|Any CPU
		{440BBBF2-0342-4388-883D-A1CB93C059F7}.Release|Any CPU.Build.0 = Release|Any CPU
		{6C531F46-8D8F-42B6-99AD-6B2CFEA03913}.Debug|Any CPU.ActiveCfg = Debug|Any CPU
		{6C531F46-8D8F-42B6-99AD-6B2CFEA03913}.Debug|Any CPU.Build.0 = Debug|Any CPU
		{6C531F46-8D8F-42B6-99AD-6B2CFEA03913}.Release|Any CPU.ActiveCfg = Release|Any CPU
		{6C531F46-8D8F-42B6-99AD-6B2CFEA03913}.Release|Any CPU.Build.0 = Release|Any CPU
	EndGlobalSection
	GlobalSection(SolutionProperties) = preSolution
		HideSolutionNode = FALSE
	EndGlobalSection
	GlobalSection(ExtensibilityGlobals) = postSolution
		SolutionGuid = {77223695-8862-4D0C-8924-AEB4506AC645}
	EndGlobalSection
EndGlobal
