
Microsoft Visual Studio Solution File, Format Version 12.00
# Visual Studio 15
VisualStudioVersion = 15.0.28010.2003
MinimumVisualStudioVersion = 10.0.40219.1
Project("{FAE04EC0-301F-11D3-BF4B-00C04F79EFBC}") = "Ejercicio01", "Ejercicio01\Ejercicio01.csproj", "{40ACFC24-3197-42B9-A5C2-07C5D20C0B8C}"
EndProject
Global
	GlobalSection(SolutionConfigurationPlatforms) = preSolution
		Debug|Any CPU = Debug|Any CPU
		Release|Any CPU = Release|Any CPU
	EndGlobalSection
	GlobalSection(ProjectConfigurationPlatforms) = postSolution
		{40ACFC24-3197-42B9-A5C2-07C5D20C0B8C}.Debug|Any CPU.ActiveCfg = Debug|Any CPU
		{40ACFC24-3197-42B9-A5C2-07C5D20C0B8C}.Debug|Any CPU.Build.0 = Debug|Any CPU
		{40ACFC24-3197-42B9-A5C2-07C5D20C0B8C}.Release|Any CPU.ActiveCfg = Release|Any CPU
		{40ACFC24-3197-42B9-A5C2-07C5D20C0B8C}.Release|Any CPU.Build.0 = Release|Any CPU
	EndGlobalSection
	GlobalSection(SolutionProperties) = preSolution
		HideSolutionNode = FALSE
	EndGlobalSection
	GlobalSection(ExtensibilityGlobals) = postSolution
		SolutionGuid = {EBEB787F-F2C7-4C1A-AD0C-9BC95A1B389A}
	EndGlobalSection
EndGlobal
