
Microsoft Visual Studio Solution File, Format Version 12.00
# Visual Studio 15
VisualStudioVersion = 15.0.28010.2036
MinimumVisualStudioVersion = 10.0.40219.1
Project("{FAE04EC0-301F-11D3-BF4B-00C04F79EFBC}") = "Ejercicio_8", "Ejercicio_8\Ejercicio_8.csproj", "{1C1CF3E4-210E-4656-82E2-506BBE4B400C}"
EndProject
Project("{FAE04EC0-301F-11D3-BF4B-00C04F79EFBC}") = "ClassLibrary1", "ClassLibrary1\ClassLibrary1.csproj", "{FAC6E88F-1977-4DB1-8A05-3F24B901F967}"
EndProject
Global
	GlobalSection(SolutionConfigurationPlatforms) = preSolution
		Debug|Any CPU = Debug|Any CPU
		Release|Any CPU = Release|Any CPU
	EndGlobalSection
	GlobalSection(ProjectConfigurationPlatforms) = postSolution
		{1C1CF3E4-210E-4656-82E2-506BBE4B400C}.Debug|Any CPU.ActiveCfg = Debug|Any CPU
		{1C1CF3E4-210E-4656-82E2-506BBE4B400C}.Debug|Any CPU.Build.0 = Debug|Any CPU
		{1C1CF3E4-210E-4656-82E2-506BBE4B400C}.Release|Any CPU.ActiveCfg = Release|Any CPU
		{1C1CF3E4-210E-4656-82E2-506BBE4B400C}.Release|Any CPU.Build.0 = Release|Any CPU
		{FAC6E88F-1977-4DB1-8A05-3F24B901F967}.Debug|Any CPU.ActiveCfg = Debug|Any CPU
		{FAC6E88F-1977-4DB1-8A05-3F24B901F967}.Debug|Any CPU.Build.0 = Debug|Any CPU
		{FAC6E88F-1977-4DB1-8A05-3F24B901F967}.Release|Any CPU.ActiveCfg = Release|Any CPU
		{FAC6E88F-1977-4DB1-8A05-3F24B901F967}.Release|Any CPU.Build.0 = Release|Any CPU
	EndGlobalSection
	GlobalSection(SolutionProperties) = preSolution
		HideSolutionNode = FALSE
	EndGlobalSection
	GlobalSection(ExtensibilityGlobals) = postSolution
		SolutionGuid = {37CC5A67-5AB4-41A5-BDED-C5ABAF2D7836}
	EndGlobalSection
EndGlobal
