
Microsoft Visual Studio Solution File, Format Version 12.00
# Visual Studio 15
VisualStudioVersion = 15.0.28010.2036
MinimumVisualStudioVersion = 10.0.40219.1
Project("{FAE04EC0-301F-11D3-BF4B-00C04F79EFBC}") = "Entidades", "Entidades\Entidades.csproj", "{1950AAA4-3F21-42E8-8B2F-4D11A49A7A70}"
EndProject
Project("{FAE04EC0-301F-11D3-BF4B-00C04F79EFBC}") = "TestEjercicio39", "TestEjercicio39\TestEjercicio39.csproj", "{EB20DFE9-E851-4AB3-ABFA-5F1FA98791A9}"
EndProject
Global
	GlobalSection(SolutionConfigurationPlatforms) = preSolution
		Debug|Any CPU = Debug|Any CPU
		Release|Any CPU = Release|Any CPU
	EndGlobalSection
	GlobalSection(ProjectConfigurationPlatforms) = postSolution
		{1950AAA4-3F21-42E8-8B2F-4D11A49A7A70}.Debug|Any CPU.ActiveCfg = Debug|Any CPU
		{1950AAA4-3F21-42E8-8B2F-4D11A49A7A70}.Debug|Any CPU.Build.0 = Debug|Any CPU
		{1950AAA4-3F21-42E8-8B2F-4D11A49A7A70}.Release|Any CPU.ActiveCfg = Release|Any CPU
		{1950AAA4-3F21-42E8-8B2F-4D11A49A7A70}.Release|Any CPU.Build.0 = Release|Any CPU
		{EB20DFE9-E851-4AB3-ABFA-5F1FA98791A9}.Debug|Any CPU.ActiveCfg = Debug|Any CPU
		{EB20DFE9-E851-4AB3-ABFA-5F1FA98791A9}.Debug|Any CPU.Build.0 = Debug|Any CPU
		{EB20DFE9-E851-4AB3-ABFA-5F1FA98791A9}.Release|Any CPU.ActiveCfg = Release|Any CPU
		{EB20DFE9-E851-4AB3-ABFA-5F1FA98791A9}.Release|Any CPU.Build.0 = Release|Any CPU
	EndGlobalSection
	GlobalSection(SolutionProperties) = preSolution
		HideSolutionNode = FALSE
	EndGlobalSection
	GlobalSection(ExtensibilityGlobals) = postSolution
		SolutionGuid = {63A4DF92-AA3A-4051-AC6D-9BC46C082893}
	EndGlobalSection
EndGlobal
