
Microsoft Visual Studio Solution File, Format Version 12.00
# Visual Studio 15
VisualStudioVersion = 15.0.27703.2047
MinimumVisualStudioVersion = 10.0.40219.1
Project("{FAE04EC0-301F-11D3-BF4B-00C04F79EFBC}") = "EjercicioClase06", "EjercicioClase06\EjercicioClase06.csproj", "{DEA3579F-6671-4A62-A456-EA20C35D2199}"
EndProject
Global
	GlobalSection(SolutionConfigurationPlatforms) = preSolution
		Debug|Any CPU = Debug|Any CPU
		Release|Any CPU = Release|Any CPU
	EndGlobalSection
	GlobalSection(ProjectConfigurationPlatforms) = postSolution
		{DEA3579F-6671-4A62-A456-EA20C35D2199}.Debug|Any CPU.ActiveCfg = Debug|Any CPU
		{DEA3579F-6671-4A62-A456-EA20C35D2199}.Debug|Any CPU.Build.0 = Debug|Any CPU
		{DEA3579F-6671-4A62-A456-EA20C35D2199}.Release|Any CPU.ActiveCfg = Release|Any CPU
		{DEA3579F-6671-4A62-A456-EA20C35D2199}.Release|Any CPU.Build.0 = Release|Any CPU
	EndGlobalSection
	GlobalSection(SolutionProperties) = preSolution
		HideSolutionNode = FALSE
	EndGlobalSection
	GlobalSection(ExtensibilityGlobals) = postSolution
		SolutionGuid = {B1AEC0B0-0914-4B15-847E-C9BFFA9C8EB8}
	EndGlobalSection
EndGlobal
