
Microsoft Visual Studio Solution File, Format Version 12.00
# Visual Studio 15
VisualStudioVersion = 15.0.28010.2036
MinimumVisualStudioVersion = 10.0.40219.1
Project("{FAE04EC0-301F-11D3-BF4B-00C04F79EFBC}") = "Test", "Parcial - Finanziera Herencia\Test.csproj", "{A6980D0E-4C1F-4B8F-9E08-DDE71130B2D7}"
EndProject
Project("{FAE04EC0-301F-11D3-BF4B-00C04F79EFBC}") = "EntidadFinanciera", "Entidades\EntidadFinanciera.csproj", "{366E5C45-4CE4-4231-B2D1-EF16E85E1594}"
EndProject
Global
	GlobalSection(SolutionConfigurationPlatforms) = preSolution
		Debug|Any CPU = Debug|Any CPU
		Release|Any CPU = Release|Any CPU
	EndGlobalSection
	GlobalSection(ProjectConfigurationPlatforms) = postSolution
		{A6980D0E-4C1F-4B8F-9E08-DDE71130B2D7}.Debug|Any CPU.ActiveCfg = Debug|Any CPU
		{A6980D0E-4C1F-4B8F-9E08-DDE71130B2D7}.Debug|Any CPU.Build.0 = Debug|Any CPU
		{A6980D0E-4C1F-4B8F-9E08-DDE71130B2D7}.Release|Any CPU.ActiveCfg = Release|Any CPU
		{A6980D0E-4C1F-4B8F-9E08-DDE71130B2D7}.Release|Any CPU.Build.0 = Release|Any CPU
		{366E5C45-4CE4-4231-B2D1-EF16E85E1594}.Debug|Any CPU.ActiveCfg = Debug|Any CPU
		{366E5C45-4CE4-4231-B2D1-EF16E85E1594}.Debug|Any CPU.Build.0 = Debug|Any CPU
		{366E5C45-4CE4-4231-B2D1-EF16E85E1594}.Release|Any CPU.ActiveCfg = Release|Any CPU
		{366E5C45-4CE4-4231-B2D1-EF16E85E1594}.Release|Any CPU.Build.0 = Release|Any CPU
	EndGlobalSection
	GlobalSection(SolutionProperties) = preSolution
		HideSolutionNode = FALSE
	EndGlobalSection
	GlobalSection(ExtensibilityGlobals) = postSolution
		SolutionGuid = {6E1C82F8-9CA4-4345-97A0-6EB1A5462F8B}
	EndGlobalSection
EndGlobal
