
Microsoft Visual Studio Solution File, Format Version 12.00
# Visual Studio 15
VisualStudioVersion = 15.0.28010.2036
MinimumVisualStudioVersion = 10.0.40219.1
Project("{FAE04EC0-301F-11D3-BF4B-00C04F79EFBC}") = "Ejercicio 19", "Ejercicio 19\Ejercicio 19.csproj", "{08315155-E541-4D08-A54B-3C1EBA72DE57}"
EndProject
Global
	GlobalSection(SolutionConfigurationPlatforms) = preSolution
		Debug|Any CPU = Debug|Any CPU
		Release|Any CPU = Release|Any CPU
	EndGlobalSection
	GlobalSection(ProjectConfigurationPlatforms) = postSolution
		{08315155-E541-4D08-A54B-3C1EBA72DE57}.Debug|Any CPU.ActiveCfg = Debug|Any CPU
		{08315155-E541-4D08-A54B-3C1EBA72DE57}.Debug|Any CPU.Build.0 = Debug|Any CPU
		{08315155-E541-4D08-A54B-3C1EBA72DE57}.Release|Any CPU.ActiveCfg = Release|Any CPU
		{08315155-E541-4D08-A54B-3C1EBA72DE57}.Release|Any CPU.Build.0 = Release|Any CPU
	EndGlobalSection
	GlobalSection(SolutionProperties) = preSolution
		HideSolutionNode = FALSE
	EndGlobalSection
	GlobalSection(ExtensibilityGlobals) = postSolution
		SolutionGuid = {4CDA9E39-E504-420C-8C60-6A3DB6342099}
	EndGlobalSection
EndGlobal
