
Microsoft Visual Studio Solution File, Format Version 12.00
# Visual Studio 15
VisualStudioVersion = 15.0.28010.2036
MinimumVisualStudioVersion = 10.0.40219.1
Project("{FAE04EC0-301F-11D3-BF4B-00C04F79EFBC}") = "Ejercicio_2", "Ejercicio_2\Ejercicio_2.csproj", "{AFDC9170-B815-4F8D-B39A-E8EFB95457A7}"
EndProject
Global
	GlobalSection(SolutionConfigurationPlatforms) = preSolution
		Debug|Any CPU = Debug|Any CPU
		Release|Any CPU = Release|Any CPU
	EndGlobalSection
	GlobalSection(ProjectConfigurationPlatforms) = postSolution
		{AFDC9170-B815-4F8D-B39A-E8EFB95457A7}.Debug|Any CPU.ActiveCfg = Debug|Any CPU
		{AFDC9170-B815-4F8D-B39A-E8EFB95457A7}.Debug|Any CPU.Build.0 = Debug|Any CPU
		{AFDC9170-B815-4F8D-B39A-E8EFB95457A7}.Release|Any CPU.ActiveCfg = Release|Any CPU
		{AFDC9170-B815-4F8D-B39A-E8EFB95457A7}.Release|Any CPU.Build.0 = Release|Any CPU
	EndGlobalSection
	GlobalSection(SolutionProperties) = preSolution
		HideSolutionNode = FALSE
	EndGlobalSection
	GlobalSection(ExtensibilityGlobals) = postSolution
		SolutionGuid = {94FA65F5-4037-46B3-837D-C945DADE5850}
	EndGlobalSection
EndGlobal
