
Microsoft Visual Studio Solution File, Format Version 12.00
# Visual Studio 15
VisualStudioVersion = 15.0.27703.2047
MinimumVisualStudioVersion = 10.0.40219.1
Project("{FAE04EC0-301F-11D3-BF4B-00C04F79EFBC}") = "Ejercicio 42", "Ejercicio 42\Ejercicio 42.csproj", "{8FD8A3E8-B44D-4CCB-A483-ECD1428DA564}"
EndProject
Global
	GlobalSection(SolutionConfigurationPlatforms) = preSolution
		Debug|Any CPU = Debug|Any CPU
		Release|Any CPU = Release|Any CPU
	EndGlobalSection
	GlobalSection(ProjectConfigurationPlatforms) = postSolution
		{8FD8A3E8-B44D-4CCB-A483-ECD1428DA564}.Debug|Any CPU.ActiveCfg = Debug|Any CPU
		{8FD8A3E8-B44D-4CCB-A483-ECD1428DA564}.Debug|Any CPU.Build.0 = Debug|Any CPU
		{8FD8A3E8-B44D-4CCB-A483-ECD1428DA564}.Release|Any CPU.ActiveCfg = Release|Any CPU
		{8FD8A3E8-B44D-4CCB-A483-ECD1428DA564}.Release|Any CPU.Build.0 = Release|Any CPU
	EndGlobalSection
	GlobalSection(SolutionProperties) = preSolution
		HideSolutionNode = FALSE
	EndGlobalSection
	GlobalSection(ExtensibilityGlobals) = postSolution
		SolutionGuid = {57DDA07E-674C-4FB9-B5AE-FF7C8761D5DC}
	EndGlobalSection
EndGlobal
