
Microsoft Visual Studio Solution File, Format Version 12.00
# Visual Studio 15
VisualStudioVersion = 15.0.28010.2036
MinimumVisualStudioVersion = 10.0.40219.1
Project("{FAE04EC0-301F-11D3-BF4B-00C04F79EFBC}") = "Ejercicio_7", "Ejercicio_7\Ejercicio_7.csproj", "{4FF69268-6C56-48B6-8CDE-86C245706DBB}"
EndProject
Global
	GlobalSection(SolutionConfigurationPlatforms) = preSolution
		Debug|Any CPU = Debug|Any CPU
		Release|Any CPU = Release|Any CPU
	EndGlobalSection
	GlobalSection(ProjectConfigurationPlatforms) = postSolution
		{4FF69268-6C56-48B6-8CDE-86C245706DBB}.Debug|Any CPU.ActiveCfg = Debug|Any CPU
		{4FF69268-6C56-48B6-8CDE-86C245706DBB}.Debug|Any CPU.Build.0 = Debug|Any CPU
		{4FF69268-6C56-48B6-8CDE-86C245706DBB}.Release|Any CPU.ActiveCfg = Release|Any CPU
		{4FF69268-6C56-48B6-8CDE-86C245706DBB}.Release|Any CPU.Build.0 = Release|Any CPU
	EndGlobalSection
	GlobalSection(SolutionProperties) = preSolution
		HideSolutionNode = FALSE
	EndGlobalSection
	GlobalSection(ExtensibilityGlobals) = postSolution
		SolutionGuid = {6DDC4141-3CF4-4ECC-88A1-0DA56CA5B617}
	EndGlobalSection
EndGlobal
