
Microsoft Visual Studio Solution File, Format Version 12.00
# Visual Studio 15
VisualStudioVersion = 15.0.27703.2047
MinimumVisualStudioVersion = 10.0.40219.1
Project("{FAE04EC0-301F-11D3-BF4B-00C04F79EFBC}") = "Entidades", "Entidades\Entidades.csproj", "{D25D35BD-223A-4D63-8331-87494C024193}"
EndProject
Project("{FAE04EC0-301F-11D3-BF4B-00C04F79EFBC}") = "TestEntidades", "TestEntidades\TestEntidades.csproj", "{9250A9A0-05A1-472A-BD9B-4620EE7109BA}"
EndProject
Global
	GlobalSection(SolutionConfigurationPlatforms) = preSolution
		Debug|Any CPU = Debug|Any CPU
		Release|Any CPU = Release|Any CPU
	EndGlobalSection
	GlobalSection(ProjectConfigurationPlatforms) = postSolution
		{D25D35BD-223A-4D63-8331-87494C024193}.Debug|Any CPU.ActiveCfg = Debug|Any CPU
		{D25D35BD-223A-4D63-8331-87494C024193}.Debug|Any CPU.Build.0 = Debug|Any CPU
		{D25D35BD-223A-4D63-8331-87494C024193}.Release|Any CPU.ActiveCfg = Release|Any CPU
		{D25D35BD-223A-4D63-8331-87494C024193}.Release|Any CPU.Build.0 = Release|Any CPU
		{9250A9A0-05A1-472A-BD9B-4620EE7109BA}.Debug|Any CPU.ActiveCfg = Debug|Any CPU
		{9250A9A0-05A1-472A-BD9B-4620EE7109BA}.Debug|Any CPU.Build.0 = Debug|Any CPU
		{9250A9A0-05A1-472A-BD9B-4620EE7109BA}.Release|Any CPU.ActiveCfg = Release|Any CPU
		{9250A9A0-05A1-472A-BD9B-4620EE7109BA}.Release|Any CPU.Build.0 = Release|Any CPU
	EndGlobalSection
	GlobalSection(SolutionProperties) = preSolution
		HideSolutionNode = FALSE
	EndGlobalSection
	GlobalSection(ExtensibilityGlobals) = postSolution
		SolutionGuid = {68D67D6D-5F47-4056-9565-54F1974E82AA}
	EndGlobalSection
EndGlobal
